
Microsoft Visual Studio Solution File, Format Version 11.00
# Visual Studio 2010
Project("{FAE04EC0-301F-11D3-BF4B-00C04F79EFBC}") = "warmup", "warmup\warmup.csproj", "{79F65C3D-E235-4179-8761-CBC80F14FABB}"
EndProject
Global
	GlobalSection(SolutionConfigurationPlatforms) = preSolution
		Debug|Any CPU = Debug|Any CPU
		Release|Any CPU = Release|Any CPU
	EndGlobalSection
	GlobalSection(ProjectConfigurationPlatforms) = postSolution
		{79F65C3D-E235-4179-8761-CBC80F14FABB}.Debug|Any CPU.ActiveCfg = Debug|x86
		{79F65C3D-E235-4179-8761-CBC80F14FABB}.Debug|Any CPU.Build.0 = Debug|x86
		{79F65C3D-E235-4179-8761-CBC80F14FABB}.Release|Any CPU.ActiveCfg = Release|x86
		{79F65C3D-E235-4179-8761-CBC80F14FABB}.Release|Any CPU.Build.0 = Release|x86
	EndGlobalSection
	GlobalSection(SolutionProperties) = preSolution
		HideSolutionNode = FALSE
	EndGlobalSection
EndGlobal
