
Microsoft Visual Studio Solution File, Format Version 11.00
# Visual Studio 2010
Project("{FAE04EC0-301F-11D3-BF4B-00C04F79EFBC}") = "warmup", "warmup\warmup.csproj", "{79F65C3D-E235-4179-8761-CBC80F14FABB}"
EndProject
Project("{FAE04EC0-301F-11D3-BF4B-00C04F79EFBC}") = "warmup.Tests", "warmup.Tests\warmup.Tests.csproj", "{758D79EB-87F9-4BC1-AEB8-D75DC7F59865}"
EndProject
Global
	GlobalSection(SolutionConfigurationPlatforms) = preSolution
		Debug|Any CPU = Debug|Any CPU
		Debug|Mixed Platforms = Debug|Mixed Platforms
		Release|Any CPU = Release|Any CPU
		Release|Mixed Platforms = Release|Mixed Platforms
	EndGlobalSection
	GlobalSection(ProjectConfigurationPlatforms) = postSolution
		{79F65C3D-E235-4179-8761-CBC80F14FABB}.Debug|Any CPU.ActiveCfg = Debug|x86
		{79F65C3D-E235-4179-8761-CBC80F14FABB}.Debug|Any CPU.Build.0 = Debug|x86
		{79F65C3D-E235-4179-8761-CBC80F14FABB}.Debug|Mixed Platforms.ActiveCfg = Debug|x86
		{79F65C3D-E235-4179-8761-CBC80F14FABB}.Debug|Mixed Platforms.Build.0 = Debug|x86
		{79F65C3D-E235-4179-8761-CBC80F14FABB}.Release|Any CPU.ActiveCfg = Release|x86
		{79F65C3D-E235-4179-8761-CBC80F14FABB}.Release|Any CPU.Build.0 = Release|x86
		{79F65C3D-E235-4179-8761-CBC80F14FABB}.Release|Mixed Platforms.ActiveCfg = Release|x86
		{79F65C3D-E235-4179-8761-CBC80F14FABB}.Release|Mixed Platforms.Build.0 = Release|x86
		{758D79EB-87F9-4BC1-AEB8-D75DC7F59865}.Debug|Any CPU.ActiveCfg = Debug|Any CPU
		{758D79EB-87F9-4BC1-AEB8-D75DC7F59865}.Debug|Any CPU.Build.0 = Debug|Any CPU
		{758D79EB-87F9-4BC1-AEB8-D75DC7F59865}.Debug|Mixed Platforms.ActiveCfg = Debug|Any CPU
		{758D79EB-87F9-4BC1-AEB8-D75DC7F59865}.Debug|Mixed Platforms.Build.0 = Debug|Any CPU
		{758D79EB-87F9-4BC1-AEB8-D75DC7F59865}.Release|Any CPU.ActiveCfg = Release|Any CPU
		{758D79EB-87F9-4BC1-AEB8-D75DC7F59865}.Release|Any CPU.Build.0 = Release|Any CPU
		{758D79EB-87F9-4BC1-AEB8-D75DC7F59865}.Release|Mixed Platforms.ActiveCfg = Release|Any CPU
		{758D79EB-87F9-4BC1-AEB8-D75DC7F59865}.Release|Mixed Platforms.Build.0 = Release|Any CPU
	EndGlobalSection
	GlobalSection(SolutionProperties) = preSolution
		HideSolutionNode = FALSE
	EndGlobalSection
EndGlobal
