
Microsoft Visual Studio Solution File, Format Version 10.00
# Visual Studio 2008
Project("{FAE04EC0-301F-11D3-BF4B-00C04F79EFBC}") = "__NAME__", "__NAME__\__NAME__.csproj", "{0B497790-8BB1-4B16-93F1-CA94119E78A9}"
EndProject
Project("{FAE04EC0-301F-11D3-BF4B-00C04F79EFBC}") = "__NAME__.Tests", "__NAME__.Tests\__NAME__.Tests.csproj", "{DC219B11-8EA5-43C1-8CB7-F30C9747F3A7}"
EndProject
Global
	GlobalSection(SolutionConfigurationPlatforms) = preSolution
		Debug|Any CPU = Debug|Any CPU
		Release|Any CPU = Release|Any CPU
	EndGlobalSection
	GlobalSection(ProjectConfigurationPlatforms) = postSolution
		{0B497790-8BB1-4B16-93F1-CA94119E78A9}.Debug|Any CPU.ActiveCfg = Debug|Any CPU
		{0B497790-8BB1-4B16-93F1-CA94119E78A9}.Debug|Any CPU.Build.0 = Debug|Any CPU
		{0B497790-8BB1-4B16-93F1-CA94119E78A9}.Release|Any CPU.ActiveCfg = Release|Any CPU
		{0B497790-8BB1-4B16-93F1-CA94119E78A9}.Release|Any CPU.Build.0 = Release|Any CPU
		{DC219B11-8EA5-43C1-8CB7-F30C9747F3A7}.Debug|Any CPU.ActiveCfg = Debug|Any CPU
		{DC219B11-8EA5-43C1-8CB7-F30C9747F3A7}.Debug|Any CPU.Build.0 = Debug|Any CPU
		{DC219B11-8EA5-43C1-8CB7-F30C9747F3A7}.Release|Any CPU.ActiveCfg = Release|Any CPU
		{DC219B11-8EA5-43C1-8CB7-F30C9747F3A7}.Release|Any CPU.Build.0 = Release|Any CPU
	EndGlobalSection
	GlobalSection(SolutionProperties) = preSolution
		HideSolutionNode = FALSE
	EndGlobalSection
EndGlobal
